
Microsoft Visual Studio Solution File, Format Version 12.00
# Visual Studio Version 17
VisualStudioVersion = 17.1.32210.238
MinimumVisualStudioVersion = 10.0.40219.1
Project("{888888A0-9F3D-457C-B088-3A5042F75D52}") = "OMO_lab5", "OMO_lab5\OMO_lab5.pyproj", "{F43D0BC1-E293-4D75-979F-7E938C3377CE}"
EndProject
Global
	GlobalSection(SolutionConfigurationPlatforms) = preSolution
		Debug|Any CPU = Debug|Any CPU
		Release|Any CPU = Release|Any CPU
	EndGlobalSection
	GlobalSection(ProjectConfigurationPlatforms) = postSolution
		{F43D0BC1-E293-4D75-979F-7E938C3377CE}.Debug|Any CPU.ActiveCfg = Debug|Any CPU
		{F43D0BC1-E293-4D75-979F-7E938C3377CE}.Release|Any CPU.ActiveCfg = Release|Any CPU
	EndGlobalSection
	GlobalSection(SolutionProperties) = preSolution
		HideSolutionNode = FALSE
	EndGlobalSection
	GlobalSection(ExtensibilityGlobals) = postSolution
		SolutionGuid = {79E7BDFF-2E23-4F37-91D9-D54A59218BE0}
	EndGlobalSection
EndGlobal
